// !$*UTF8*$!
{
	archiveVersion = 1;
	classes = {
	};
	objectVersion = 46;
	objects = {

/* Begin PBXBuildFile section */
		8EFCB0061A9DA34500D73449 /* onion-model.h in Headers */ = {isa = PBXBuildFile; fileRef = 8EFCB0051A9DA34500D73449 /* onion-model.h */; settings = {ATTRIBUTES = (Public, ); }; };
		8EFCB00C1A9DA34500D73449 /* onion-model.framework in Frameworks */ = {isa = PBXBuildFile; fileRef = 8EFCB0001A9DA34500D73449 /* onion-model.framework */; };
		8EFCB0131A9DA34500D73449 /* onion_modelTests.m in Sources */ = {isa = PBXBuildFile; fileRef = 8EFCB0121A9DA34500D73449 /* onion_modelTests.m */; };
		8EFCB0241A9DA3B800D73449 /* FAAPIAdapter.h in Headers */ = {isa = PBXBuildFile; fileRef = 8EFCB01E1A9DA3B800D73449 /* FAAPIAdapter.h */; };
		8EFCB0251A9DA3B800D73449 /* FAModelImporter.h in Headers */ = {isa = PBXBuildFile; fileRef = 8EFCB01F1A9DA3B800D73449 /* FAModelImporter.h */; };
		8EFCB0261A9DA3B800D73449 /* FAModelMapping.h in Headers */ = {isa = PBXBuildFile; fileRef = 8EFCB0201A9DA3B800D73449 /* FAModelMapping.h */; };
		8EFCB0271A9DA3B800D73449 /* FAModelObject.h in Headers */ = {isa = PBXBuildFile; fileRef = 8EFCB0221A9DA3B800D73449 /* FAModelObject.h */; };
		8EFCB0281A9DA3B800D73449 /* FAModelRepository.h in Headers */ = {isa = PBXBuildFile; fileRef = 8EFCB0231A9DA3B800D73449 /* FAModelRepository.h */; };
		8EFCB0431A9DA3C100D73449 /* FACoreDataImporter.h in Headers */ = {isa = PBXBuildFile; fileRef = 8EFCB02B1A9DA3C100D73449 /* FACoreDataImporter.h */; };
		8EFCB0441A9DA3C100D73449 /* FACoreDataImporter.m in Sources */ = {isa = PBXBuildFile; fileRef = 8EFCB02C1A9DA3C100D73449 /* FACoreDataImporter.m */; };
		8EFCB0451A9DA3C100D73449 /* NSArray+FANullSafe.h in Headers */ = {isa = PBXBuildFile; fileRef = 8EFCB02D1A9DA3C100D73449 /* NSArray+FANullSafe.h */; };
		8EFCB0461A9DA3C100D73449 /* NSArray+FANullSafe.m in Sources */ = {isa = PBXBuildFile; fileRef = 8EFCB02E1A9DA3C100D73449 /* NSArray+FANullSafe.m */; };
		8EFCB0471A9DA3C100D73449 /* NSDictionary+FATypeSafe.h in Headers */ = {isa = PBXBuildFile; fileRef = 8EFCB02F1A9DA3C100D73449 /* NSDictionary+FATypeSafe.h */; };
		8EFCB0481A9DA3C100D73449 /* NSDictionary+FATypeSafe.m in Sources */ = {isa = PBXBuildFile; fileRef = 8EFCB0301A9DA3C100D73449 /* NSDictionary+FATypeSafe.m */; };
		8EFCB0491A9DA3C100D73449 /* NSManagedObject+FARelationships.h in Headers */ = {isa = PBXBuildFile; fileRef = 8EFCB0311A9DA3C100D73449 /* NSManagedObject+FARelationships.h */; };
		8EFCB04A1A9DA3C100D73449 /* NSManagedObject+FARelationships.m in Sources */ = {isa = PBXBuildFile; fileRef = 8EFCB0321A9DA3C100D73449 /* NSManagedObject+FARelationships.m */; };
		8EFCB04B1A9DA3C100D73449 /* data_model.xcdatamodel in Sources */ = {isa = PBXBuildFile; fileRef = 8EFCB0341A9DA3C100D73449 /* data_model.xcdatamodel */; };
		8EFCB04C1A9DA3C100D73449 /* FACoreDataManager+FADefaultManager.h in Headers */ = {isa = PBXBuildFile; fileRef = 8EFCB0351A9DA3C100D73449 /* FACoreDataManager+FADefaultManager.h */; };
		8EFCB04D1A9DA3C100D73449 /* FACoreDataManager+FADefaultManager.m in Sources */ = {isa = PBXBuildFile; fileRef = 8EFCB0361A9DA3C100D73449 /* FACoreDataManager+FADefaultManager.m */; };
		8EFCB04E1A9DA3C100D73449 /* FACoreDataManager.h in Headers */ = {isa = PBXBuildFile; fileRef = 8EFCB0371A9DA3C100D73449 /* FACoreDataManager.h */; };
		8EFCB04F1A9DA3C100D73449 /* FACoreDataManager.m in Sources */ = {isa = PBXBuildFile; fileRef = 8EFCB0381A9DA3C100D73449 /* FACoreDataManager.m */; };
		8EFCB0501A9DA3C100D73449 /* FACoreDataRepository+FADefaultRepositories.h in Headers */ = {isa = PBXBuildFile; fileRef = 8EFCB0391A9DA3C100D73449 /* FACoreDataRepository+FADefaultRepositories.h */; };
		8EFCB0511A9DA3C100D73449 /* FACoreDataRepository+FADefaultRepositories.m in Sources */ = {isa = PBXBuildFile; fileRef = 8EFCB03A1A9DA3C100D73449 /* FACoreDataRepository+FADefaultRepositories.m */; };
		8EFCB0521A9DA3C100D73449 /* FACoreDataRepository.h in Headers */ = {isa = PBXBuildFile; fileRef = 8EFCB03B1A9DA3C100D73449 /* FACoreDataRepository.h */; };
		8EFCB0531A9DA3C100D73449 /* FACoreDataRepository.m in Sources */ = {isa = PBXBuildFile; fileRef = 8EFCB03C1A9DA3C100D73449 /* FACoreDataRepository.m */; };
		8EFCB0541A9DA3C100D73449 /* FAManagedObjectContextProvider.h in Headers */ = {isa = PBXBuildFile; fileRef = 8EFCB03D1A9DA3C100D73449 /* FAManagedObjectContextProvider.h */; };
		8EFCB0551A9DA3C100D73449 /* _BaseModel.h in Headers */ = {isa = PBXBuildFile; fileRef = 8EFCB03F1A9DA3C100D73449 /* _BaseModel.h */; };
		8EFCB0561A9DA3C100D73449 /* _BaseModel.m in Sources */ = {isa = PBXBuildFile; fileRef = 8EFCB0401A9DA3C100D73449 /* _BaseModel.m */; };
		8EFCB0571A9DA3C100D73449 /* BaseModel.h in Headers */ = {isa = PBXBuildFile; fileRef = 8EFCB0411A9DA3C100D73449 /* BaseModel.h */; };
		8EFCB0581A9DA3C100D73449 /* BaseModel.m in Sources */ = {isa = PBXBuildFile; fileRef = 8EFCB0421A9DA3C100D73449 /* BaseModel.m */; };
/* End PBXBuildFile section */

/* Begin PBXContainerItemProxy section */
		8EFCB00D1A9DA34500D73449 /* PBXContainerItemProxy */ = {
			isa = PBXContainerItemProxy;
			containerPortal = 8EFCAFF71A9DA34500D73449 /* Project object */;
			proxyType = 1;
			remoteGlobalIDString = 8EFCAFFF1A9DA34500D73449;
			remoteInfo = "onion-model";
		};
/* End PBXContainerItemProxy section */

/* Begin PBXFileReference section */
		8EFCB0001A9DA34500D73449 /* onion-model.framework */ = {isa = PBXFileReference; explicitFileType = wrapper.framework; includeInIndex = 0; path = "onion-model.framework"; sourceTree = BUILT_PRODUCTS_DIR; };
		8EFCB0041A9DA34500D73449 /* Info.plist */ = {isa = PBXFileReference; lastKnownFileType = text.plist.xml; path = Info.plist; sourceTree = "<group>"; };
		8EFCB0051A9DA34500D73449 /* onion-model.h */ = {isa = PBXFileReference; lastKnownFileType = sourcecode.c.h; path = "onion-model.h"; sourceTree = "<group>"; };
		8EFCB00B1A9DA34500D73449 /* onion-modelTests.xctest */ = {isa = PBXFileReference; explicitFileType = wrapper.cfbundle; includeInIndex = 0; path = "onion-modelTests.xctest"; sourceTree = BUILT_PRODUCTS_DIR; };
		8EFCB0111A9DA34500D73449 /* Info.plist */ = {isa = PBXFileReference; lastKnownFileType = text.plist.xml; path = Info.plist; sourceTree = "<group>"; };
		8EFCB0121A9DA34500D73449 /* onion_modelTests.m */ = {isa = PBXFileReference; lastKnownFileType = sourcecode.c.objc; path = onion_modelTests.m; sourceTree = "<group>"; };
		8EFCB01E1A9DA3B800D73449 /* FAAPIAdapter.h */ = {isa = PBXFileReference; fileEncoding = 4; lastKnownFileType = sourcecode.c.h; path = FAAPIAdapter.h; sourceTree = "<group>"; };
		8EFCB01F1A9DA3B800D73449 /* FAModelImporter.h */ = {isa = PBXFileReference; fileEncoding = 4; lastKnownFileType = sourcecode.c.h; path = FAModelImporter.h; sourceTree = "<group>"; };
		8EFCB0201A9DA3B800D73449 /* FAModelMapping.h */ = {isa = PBXFileReference; fileEncoding = 4; lastKnownFileType = sourcecode.c.h; path = FAModelMapping.h; sourceTree = "<group>"; };
		8EFCB0221A9DA3B800D73449 /* FAModelObject.h */ = {isa = PBXFileReference; fileEncoding = 4; lastKnownFileType = sourcecode.c.h; path = FAModelObject.h; sourceTree = "<group>"; };
		8EFCB0231A9DA3B800D73449 /* FAModelRepository.h */ = {isa = PBXFileReference; fileEncoding = 4; lastKnownFileType = sourcecode.c.h; path = FAModelRepository.h; sourceTree = "<group>"; };
		8EFCB02B1A9DA3C100D73449 /* FACoreDataImporter.h */ = {isa = PBXFileReference; fileEncoding = 4; lastKnownFileType = sourcecode.c.h; path = FACoreDataImporter.h; sourceTree = "<group>"; };
		8EFCB02C1A9DA3C100D73449 /* FACoreDataImporter.m */ = {isa = PBXFileReference; fileEncoding = 4; lastKnownFileType = sourcecode.c.objc; path = FACoreDataImporter.m; sourceTree = "<group>"; };
		8EFCB02D1A9DA3C100D73449 /* NSArray+FANullSafe.h */ = {isa = PBXFileReference; fileEncoding = 4; lastKnownFileType = sourcecode.c.h; path = "NSArray+FANullSafe.h"; sourceTree = "<group>"; };
		8EFCB02E1A9DA3C100D73449 /* NSArray+FANullSafe.m */ = {isa = PBXFileReference; fileEncoding = 4; lastKnownFileType = sourcecode.c.objc; path = "NSArray+FANullSafe.m"; sourceTree = "<group>"; };
		8EFCB02F1A9DA3C100D73449 /* NSDictionary+FATypeSafe.h */ = {isa = PBXFileReference; fileEncoding = 4; lastKnownFileType = sourcecode.c.h; path = "NSDictionary+FATypeSafe.h"; sourceTree = "<group>"; };
		8EFCB0301A9DA3C100D73449 /* NSDictionary+FATypeSafe.m */ = {isa = PBXFileReference; fileEncoding = 4; lastKnownFileType = sourcecode.c.objc; path = "NSDictionary+FATypeSafe.m"; sourceTree = "<group>"; };
		8EFCB0311A9DA3C100D73449 /* NSManagedObject+FARelationships.h */ = {isa = PBXFileReference; fileEncoding = 4; lastKnownFileType = sourcecode.c.h; path = "NSManagedObject+FARelationships.h"; sourceTree = "<group>"; };
		8EFCB0321A9DA3C100D73449 /* NSManagedObject+FARelationships.m */ = {isa = PBXFileReference; fileEncoding = 4; lastKnownFileType = sourcecode.c.objc; path = "NSManagedObject+FARelationships.m"; sourceTree = "<group>"; };
		8EFCB0341A9DA3C100D73449 /* data_model.xcdatamodel */ = {isa = PBXFileReference; lastKnownFileType = wrapper.xcdatamodel; path = data_model.xcdatamodel; sourceTree = "<group>"; };
		8EFCB0351A9DA3C100D73449 /* FACoreDataManager+FADefaultManager.h */ = {isa = PBXFileReference; fileEncoding = 4; lastKnownFileType = sourcecode.c.h; path = "FACoreDataManager+FADefaultManager.h"; sourceTree = "<group>"; };
		8EFCB0361A9DA3C100D73449 /* FACoreDataManager+FADefaultManager.m */ = {isa = PBXFileReference; fileEncoding = 4; lastKnownFileType = sourcecode.c.objc; path = "FACoreDataManager+FADefaultManager.m"; sourceTree = "<group>"; };
		8EFCB0371A9DA3C100D73449 /* FACoreDataManager.h */ = {isa = PBXFileReference; fileEncoding = 4; lastKnownFileType = sourcecode.c.h; path = FACoreDataManager.h; sourceTree = "<group>"; };
		8EFCB0381A9DA3C100D73449 /* FACoreDataManager.m */ = {isa = PBXFileReference; fileEncoding = 4; lastKnownFileType = sourcecode.c.objc; path = FACoreDataManager.m; sourceTree = "<group>"; };
		8EFCB0391A9DA3C100D73449 /* FACoreDataRepository+FADefaultRepositories.h */ = {isa = PBXFileReference; fileEncoding = 4; lastKnownFileType = sourcecode.c.h; path = "FACoreDataRepository+FADefaultRepositories.h"; sourceTree = "<group>"; };
		8EFCB03A1A9DA3C100D73449 /* FACoreDataRepository+FADefaultRepositories.m */ = {isa = PBXFileReference; fileEncoding = 4; lastKnownFileType = sourcecode.c.objc; path = "FACoreDataRepository+FADefaultRepositories.m"; sourceTree = "<group>"; };
		8EFCB03B1A9DA3C100D73449 /* FACoreDataRepository.h */ = {isa = PBXFileReference; fileEncoding = 4; lastKnownFileType = sourcecode.c.h; path = FACoreDataRepository.h; sourceTree = "<group>"; };
		8EFCB03C1A9DA3C100D73449 /* FACoreDataRepository.m */ = {isa = PBXFileReference; fileEncoding = 4; lastKnownFileType = sourcecode.c.objc; path = FACoreDataRepository.m; sourceTree = "<group>"; };
		8EFCB03D1A9DA3C100D73449 /* FAManagedObjectContextProvider.h */ = {isa = PBXFileReference; fileEncoding = 4; lastKnownFileType = sourcecode.c.h; path = FAManagedObjectContextProvider.h; sourceTree = "<group>"; };
		8EFCB03F1A9DA3C100D73449 /* _BaseModel.h */ = {isa = PBXFileReference; fileEncoding = 4; lastKnownFileType = sourcecode.c.h; path = _BaseModel.h; sourceTree = "<group>"; };
		8EFCB0401A9DA3C100D73449 /* _BaseModel.m */ = {isa = PBXFileReference; fileEncoding = 4; lastKnownFileType = sourcecode.c.objc; path = _BaseModel.m; sourceTree = "<group>"; };
		8EFCB0411A9DA3C100D73449 /* BaseModel.h */ = {isa = PBXFileReference; fileEncoding = 4; lastKnownFileType = sourcecode.c.h; path = BaseModel.h; sourceTree = "<group>"; };
		8EFCB0421A9DA3C100D73449 /* BaseModel.m */ = {isa = PBXFileReference; fileEncoding = 4; lastKnownFileType = sourcecode.c.objc; path = BaseModel.m; sourceTree = "<group>"; };
/* End PBXFileReference section */

/* Begin PBXFrameworksBuildPhase section */
		8EFCAFFC1A9DA34500D73449 /* Frameworks */ = {
			isa = PBXFrameworksBuildPhase;
			buildActionMask = 2147483647;
			files = (
			);
			runOnlyForDeploymentPostprocessing = 0;
		};
		8EFCB0081A9DA34500D73449 /* Frameworks */ = {
			isa = PBXFrameworksBuildPhase;
			buildActionMask = 2147483647;
			files = (
				8EFCB00C1A9DA34500D73449 /* onion-model.framework in Frameworks */,
			);
			runOnlyForDeploymentPostprocessing = 0;
		};
/* End PBXFrameworksBuildPhase section */

/* Begin PBXGroup section */
		8EFCAFF61A9DA34500D73449 = {
			isa = PBXGroup;
			children = (
				8EFCB0021A9DA34500D73449 /* onion-model */,
				8EFCB00F1A9DA34500D73449 /* onion-modelTests */,
				8EFCB0011A9DA34500D73449 /* Products */,
			);
			sourceTree = "<group>";
		};
		8EFCB0011A9DA34500D73449 /* Products */ = {
			isa = PBXGroup;
			children = (
				8EFCB0001A9DA34500D73449 /* onion-model.framework */,
				8EFCB00B1A9DA34500D73449 /* onion-modelTests.xctest */,
			);
			name = Products;
			sourceTree = "<group>";
		};
		8EFCB0021A9DA34500D73449 /* onion-model */ = {
			isa = PBXGroup;
			children = (
				8EFCB01C1A9DA3B800D73449 /* CoreApplication */,
				8EFCB0291A9DA3C100D73449 /* Implementing */,
				8EFCB0051A9DA34500D73449 /* onion-model.h */,
				8EFCB0031A9DA34500D73449 /* Supporting Files */,
			);
			path = "onion-model";
			sourceTree = "<group>";
		};
		8EFCB0031A9DA34500D73449 /* Supporting Files */ = {
			isa = PBXGroup;
			children = (
				8EFCB0041A9DA34500D73449 /* Info.plist */,
			);
			name = "Supporting Files";
			sourceTree = "<group>";
		};
		8EFCB00F1A9DA34500D73449 /* onion-modelTests */ = {
			isa = PBXGroup;
			children = (
				8EFCB0121A9DA34500D73449 /* onion_modelTests.m */,
				8EFCB0101A9DA34500D73449 /* Supporting Files */,
			);
			path = "onion-modelTests";
			sourceTree = "<group>";
		};
		8EFCB0101A9DA34500D73449 /* Supporting Files */ = {
			isa = PBXGroup;
			children = (
				8EFCB0111A9DA34500D73449 /* Info.plist */,
			);
			name = "Supporting Files";
			sourceTree = "<group>";
		};
		8EFCB01C1A9DA3B800D73449 /* CoreApplication */ = {
			isa = PBXGroup;
			children = (
				8EFCB01D1A9DA3B800D73449 /* ModelImporter */,
				8EFCB0211A9DA3B800D73449 /* ModelRepository */,
			);
			path = CoreApplication;
			sourceTree = "<group>";
		};
		8EFCB01D1A9DA3B800D73449 /* ModelImporter */ = {
			isa = PBXGroup;
			children = (
				8EFCB01E1A9DA3B800D73449 /* FAAPIAdapter.h */,
				8EFCB01F1A9DA3B800D73449 /* FAModelImporter.h */,
				8EFCB0201A9DA3B800D73449 /* FAModelMapping.h */,
			);
			path = ModelImporter;
			sourceTree = "<group>";
		};
		8EFCB0211A9DA3B800D73449 /* ModelRepository */ = {
			isa = PBXGroup;
			children = (
				8EFCB0221A9DA3B800D73449 /* FAModelObject.h */,
				8EFCB0231A9DA3B800D73449 /* FAModelRepository.h */,
			);
			path = ModelRepository;
			sourceTree = "<group>";
		};
		8EFCB0291A9DA3C100D73449 /* Implementing */ = {
			isa = PBXGroup;
			children = (
				8EFCB02A1A9DA3C100D73449 /* ModelImporter */,
				8EFCB0331A9DA3C100D73449 /* ModelRepository */,
			);
			path = Implementing;
			sourceTree = "<group>";
		};
		8EFCB02A1A9DA3C100D73449 /* ModelImporter */ = {
			isa = PBXGroup;
			children = (
				8EFCB02B1A9DA3C100D73449 /* FACoreDataImporter.h */,
				8EFCB02C1A9DA3C100D73449 /* FACoreDataImporter.m */,
				8EFCB02D1A9DA3C100D73449 /* NSArray+FANullSafe.h */,
				8EFCB02E1A9DA3C100D73449 /* NSArray+FANullSafe.m */,
				8EFCB02F1A9DA3C100D73449 /* NSDictionary+FATypeSafe.h */,
				8EFCB0301A9DA3C100D73449 /* NSDictionary+FATypeSafe.m */,
				8EFCB0311A9DA3C100D73449 /* NSManagedObject+FARelationships.h */,
				8EFCB0321A9DA3C100D73449 /* NSManagedObject+FARelationships.m */,
			);
			path = ModelImporter;
			sourceTree = "<group>";
		};
		8EFCB0331A9DA3C100D73449 /* ModelRepository */ = {
			isa = PBXGroup;
			children = (
				8EFCB0341A9DA3C100D73449 /* data_model.xcdatamodel */,
				8EFCB0351A9DA3C100D73449 /* FACoreDataManager+FADefaultManager.h */,
				8EFCB0361A9DA3C100D73449 /* FACoreDataManager+FADefaultManager.m */,
				8EFCB0371A9DA3C100D73449 /* FACoreDataManager.h */,
				8EFCB0381A9DA3C100D73449 /* FACoreDataManager.m */,
				8EFCB0391A9DA3C100D73449 /* FACoreDataRepository+FADefaultRepositories.h */,
				8EFCB03A1A9DA3C100D73449 /* FACoreDataRepository+FADefaultRepositories.m */,
				8EFCB03B1A9DA3C100D73449 /* FACoreDataRepository.h */,
				8EFCB03C1A9DA3C100D73449 /* FACoreDataRepository.m */,
				8EFCB03D1A9DA3C100D73449 /* FAManagedObjectContextProvider.h */,
				8EFCB03E1A9DA3C100D73449 /* Models */,
			);
			path = ModelRepository;
			sourceTree = "<group>";
		};
		8EFCB03E1A9DA3C100D73449 /* Models */ = {
			isa = PBXGroup;
			children = (
				8EFCB03F1A9DA3C100D73449 /* _BaseModel.h */,
				8EFCB0401A9DA3C100D73449 /* _BaseModel.m */,
				8EFCB0411A9DA3C100D73449 /* BaseModel.h */,
				8EFCB0421A9DA3C100D73449 /* BaseModel.m */,
			);
			path = Models;
			sourceTree = "<group>";
		};
/* End PBXGroup section */

/* Begin PBXHeadersBuildPhase section */
		8EFCAFFD1A9DA34500D73449 /* Headers */ = {
			isa = PBXHeadersBuildPhase;
			buildActionMask = 2147483647;
			files = (
				8EFCB0541A9DA3C100D73449 /* FAManagedObjectContextProvider.h in Headers */,
				8EFCB0521A9DA3C100D73449 /* FACoreDataRepository.h in Headers */,
				8EFCB0431A9DA3C100D73449 /* FACoreDataImporter.h in Headers */,
				8EFCB0241A9DA3B800D73449 /* FAAPIAdapter.h in Headers */,
				8EFCB0271A9DA3B800D73449 /* FAModelObject.h in Headers */,
				8EFCB04C1A9DA3C100D73449 /* FACoreDataManager+FADefaultManager.h in Headers */,
				8EFCB0501A9DA3C100D73449 /* FACoreDataRepository+FADefaultRepositories.h in Headers */,
				8EFCB0471A9DA3C100D73449 /* NSDictionary+FATypeSafe.h in Headers */,
				8EFCB0571A9DA3C100D73449 /* BaseModel.h in Headers */,
				8EFCB0061A9DA34500D73449 /* onion-model.h in Headers */,
				8EFCB0281A9DA3B800D73449 /* FAModelRepository.h in Headers */,
				8EFCB0261A9DA3B800D73449 /* FAModelMapping.h in Headers */,
				8EFCB0451A9DA3C100D73449 /* NSArray+FANullSafe.h in Headers */,
				8EFCB0251A9DA3B800D73449 /* FAModelImporter.h in Headers */,
				8EFCB0551A9DA3C100D73449 /* _BaseModel.h in Headers */,
				8EFCB04E1A9DA3C100D73449 /* FACoreDataManager.h in Headers */,
				8EFCB0491A9DA3C100D73449 /* NSManagedObject+FARelationships.h in Headers */,
			);
			runOnlyForDeploymentPostprocessing = 0;
		};
/* End PBXHeadersBuildPhase section */

/* Begin PBXNativeTarget section */
		8EFCAFFF1A9DA34500D73449 /* OnionModel */ = {
			isa = PBXNativeTarget;
			buildConfigurationList = 8EFCB0161A9DA34500D73449 /* Build configuration list for PBXNativeTarget "OnionModel" */;
			buildPhases = (
				8EFCAFFB1A9DA34500D73449 /* Sources */,
				8EFCAFFC1A9DA34500D73449 /* Frameworks */,
				8EFCAFFD1A9DA34500D73449 /* Headers */,
				8EFCAFFE1A9DA34500D73449 /* Resources */,
			);
			buildRules = (
			);
			dependencies = (
			);
			name = OnionModel;
			productName = "onion-model";
			productReference = 8EFCB0001A9DA34500D73449 /* onion-model.framework */;
			productType = "com.apple.product-type.framework";
		};
		8EFCB00A1A9DA34500D73449 /* onion-modelTests */ = {
			isa = PBXNativeTarget;
			buildConfigurationList = 8EFCB0191A9DA34500D73449 /* Build configuration list for PBXNativeTarget "onion-modelTests" */;
			buildPhases = (
				8EFCB0071A9DA34500D73449 /* Sources */,
				8EFCB0081A9DA34500D73449 /* Frameworks */,
				8EFCB0091A9DA34500D73449 /* Resources */,
			);
			buildRules = (
			);
			dependencies = (
				8EFCB00E1A9DA34500D73449 /* PBXTargetDependency */,
			);
			name = "onion-modelTests";
			productName = "onion-modelTests";
			productReference = 8EFCB00B1A9DA34500D73449 /* onion-modelTests.xctest */;
			productType = "com.apple.product-type.bundle.unit-test";
		};
/* End PBXNativeTarget section */

/* Begin PBXProject section */
		8EFCAFF71A9DA34500D73449 /* Project object */ = {
			isa = PBXProject;
			attributes = {
				LastUpgradeCheck = 0610;
				ORGANIZATIONNAME = "Patrick Goley";
				TargetAttributes = {
					8EFCAFFF1A9DA34500D73449 = {
						CreatedOnToolsVersion = 6.1.1;
					};
					8EFCB00A1A9DA34500D73449 = {
						CreatedOnToolsVersion = 6.1.1;
					};
				};
			};
			buildConfigurationList = 8EFCAFFA1A9DA34500D73449 /* Build configuration list for PBXProject "onion-model" */;
			compatibilityVersion = "Xcode 3.2";
			developmentRegion = English;
			hasScannedForEncodings = 0;
			knownRegions = (
				en,
			);
			mainGroup = 8EFCAFF61A9DA34500D73449;
			productRefGroup = 8EFCB0011A9DA34500D73449 /* Products */;
			projectDirPath = "";
			projectRoot = "";
			targets = (
				8EFCAFFF1A9DA34500D73449 /* OnionModel */,
				8EFCB00A1A9DA34500D73449 /* onion-modelTests */,
			);
		};
/* End PBXProject section */

/* Begin PBXResourcesBuildPhase section */
		8EFCAFFE1A9DA34500D73449 /* Resources */ = {
			isa = PBXResourcesBuildPhase;
			buildActionMask = 2147483647;
			files = (
			);
			runOnlyForDeploymentPostprocessing = 0;
		};
		8EFCB0091A9DA34500D73449 /* Resources */ = {
			isa = PBXResourcesBuildPhase;
			buildActionMask = 2147483647;
			files = (
			);
			runOnlyForDeploymentPostprocessing = 0;
		};
/* End PBXResourcesBuildPhase section */

/* Begin PBXSourcesBuildPhase section */
		8EFCAFFB1A9DA34500D73449 /* Sources */ = {
			isa = PBXSourcesBuildPhase;
			buildActionMask = 2147483647;
			files = (
				8EFCB0511A9DA3C100D73449 /* FACoreDataRepository+FADefaultRepositories.m in Sources */,
				8EFCB04A1A9DA3C100D73449 /* NSManagedObject+FARelationships.m in Sources */,
				8EFCB04F1A9DA3C100D73449 /* FACoreDataManager.m in Sources */,
				8EFCB0581A9DA3C100D73449 /* BaseModel.m in Sources */,
				8EFCB0481A9DA3C100D73449 /* NSDictionary+FATypeSafe.m in Sources */,
				8EFCB04D1A9DA3C100D73449 /* FACoreDataManager+FADefaultManager.m in Sources */,
				8EFCB04B1A9DA3C100D73449 /* data_model.xcdatamodel in Sources */,
				8EFCB0531A9DA3C100D73449 /* FACoreDataRepository.m in Sources */,
				8EFCB0441A9DA3C100D73449 /* FACoreDataImporter.m in Sources */,
				8EFCB0561A9DA3C100D73449 /* _BaseModel.m in Sources */,
				8EFCB0461A9DA3C100D73449 /* NSArray+FANullSafe.m in Sources */,
			);
			runOnlyForDeploymentPostprocessing = 0;
		};
		8EFCB0071A9DA34500D73449 /* Sources */ = {
			isa = PBXSourcesBuildPhase;
			buildActionMask = 2147483647;
			files = (
				8EFCB0131A9DA34500D73449 /* onion_modelTests.m in Sources */,
			);
			runOnlyForDeploymentPostprocessing = 0;
		};
/* End PBXSourcesBuildPhase section */

/* Begin PBXTargetDependency section */
		8EFCB00E1A9DA34500D73449 /* PBXTargetDependency */ = {
			isa = PBXTargetDependency;
			target = 8EFCAFFF1A9DA34500D73449 /* OnionModel */;
			targetProxy = 8EFCB00D1A9DA34500D73449 /* PBXContainerItemProxy */;
		};
/* End PBXTargetDependency section */

/* Begin XCBuildConfiguration section */
		8EFCB0141A9DA34500D73449 /* Debug */ = {
			isa = XCBuildConfiguration;
			buildSettings = {
				ALWAYS_SEARCH_USER_PATHS = NO;
				CLANG_CXX_LANGUAGE_STANDARD = "gnu++0x";
				CLANG_CXX_LIBRARY = "libc++";
				CLANG_ENABLE_MODULES = YES;
				CLANG_ENABLE_OBJC_ARC = YES;
				CLANG_WARN_BOOL_CONVERSION = YES;
				CLANG_WARN_CONSTANT_CONVERSION = YES;
				CLANG_WARN_DIRECT_OBJC_ISA_USAGE = YES_ERROR;
				CLANG_WARN_EMPTY_BODY = YES;
				CLANG_WARN_ENUM_CONVERSION = YES;
				CLANG_WARN_INT_CONVERSION = YES;
				CLANG_WARN_OBJC_ROOT_CLASS = YES_ERROR;
				CLANG_WARN_UNREACHABLE_CODE = YES;
				CLANG_WARN__DUPLICATE_METHOD_MATCH = YES;
				"CODE_SIGN_IDENTITY[sdk=iphoneos*]" = "iPhone Developer";
				COPY_PHASE_STRIP = NO;
				CURRENT_PROJECT_VERSION = 1;
				ENABLE_STRICT_OBJC_MSGSEND = YES;
				GCC_C_LANGUAGE_STANDARD = gnu99;
				GCC_DYNAMIC_NO_PIC = NO;
				GCC_OPTIMIZATION_LEVEL = 0;
				GCC_PREPROCESSOR_DEFINITIONS = (
					"DEBUG=1",
					"$(inherited)",
				);
				GCC_SYMBOLS_PRIVATE_EXTERN = NO;
				GCC_WARN_64_TO_32_BIT_CONVERSION = YES;
				GCC_WARN_ABOUT_RETURN_TYPE = YES_ERROR;
				GCC_WARN_UNDECLARED_SELECTOR = YES;
				GCC_WARN_UNINITIALIZED_AUTOS = YES_AGGRESSIVE;
				GCC_WARN_UNUSED_FUNCTION = YES;
				GCC_WARN_UNUSED_VARIABLE = YES;
				IPHONEOS_DEPLOYMENT_TARGET = 8.1;
				MTL_ENABLE_DEBUG_INFO = YES;
				ONLY_ACTIVE_ARCH = YES;
				SDKROOT = iphoneos;
				TARGETED_DEVICE_FAMILY = "1,2";
				VERSIONING_SYSTEM = "apple-generic";
				VERSION_INFO_PREFIX = "";
			};
			name = Debug;
		};
		8EFCB0151A9DA34500D73449 /* Release */ = {
			isa = XCBuildConfiguration;
			buildSettings = {
				ALWAYS_SEARCH_USER_PATHS = NO;
				CLANG_CXX_LANGUAGE_STANDARD = "gnu++0x";
				CLANG_CXX_LIBRARY = "libc++";
				CLANG_ENABLE_MODULES = YES;
				CLANG_ENABLE_OBJC_ARC = YES;
				CLANG_WARN_BOOL_CONVERSION = YES;
				CLANG_WARN_CONSTANT_CONVERSION = YES;
				CLANG_WARN_DIRECT_OBJC_ISA_USAGE = YES_ERROR;
				CLANG_WARN_EMPTY_BODY = YES;
				CLANG_WARN_ENUM_CONVERSION = YES;
				CLANG_WARN_INT_CONVERSION = YES;
				CLANG_WARN_OBJC_ROOT_CLASS = YES_ERROR;
				CLANG_WARN_UNREACHABLE_CODE = YES;
				CLANG_WARN__DUPLICATE_METHOD_MATCH = YES;
				"CODE_SIGN_IDENTITY[sdk=iphoneos*]" = "iPhone Developer";
				COPY_PHASE_STRIP = YES;
				CURRENT_PROJECT_VERSION = 1;
				ENABLE_NS_ASSERTIONS = NO;
				ENABLE_STRICT_OBJC_MSGSEND = YES;
				GCC_C_LANGUAGE_STANDARD = gnu99;
				GCC_WARN_64_TO_32_BIT_CONVERSION = YES;
				GCC_WARN_ABOUT_RETURN_TYPE = YES_ERROR;
				GCC_WARN_UNDECLARED_SELECTOR = YES;
				GCC_WARN_UNINITIALIZED_AUTOS = YES_AGGRESSIVE;
				GCC_WARN_UNUSED_FUNCTION = YES;
				GCC_WARN_UNUSED_VARIABLE = YES;
				IPHONEOS_DEPLOYMENT_TARGET = 8.1;
				MTL_ENABLE_DEBUG_INFO = NO;
				SDKROOT = iphoneos;
				TARGETED_DEVICE_FAMILY = "1,2";
				VALIDATE_PRODUCT = YES;
				VERSIONING_SYSTEM = "apple-generic";
				VERSION_INFO_PREFIX = "";
			};
			name = Release;
		};
		8EFCB0171A9DA34500D73449 /* Debug */ = {
			isa = XCBuildConfiguration;
			buildSettings = {
				DEFINES_MODULE = YES;
				DYLIB_COMPATIBILITY_VERSION = 1;
				DYLIB_CURRENT_VERSION = 1;
				DYLIB_INSTALL_NAME_BASE = "@rpath";
				INFOPLIST_FILE = "onion-model/Info.plist";
				INSTALL_PATH = "$(LOCAL_LIBRARY_DIR)/Frameworks";
				LD_RUNPATH_SEARCH_PATHS = "$(inherited) @executable_path/Frameworks @loader_path/Frameworks";
				PRODUCT_NAME = "$(TARGET_NAME)";
				SKIP_INSTALL = YES;
			};
			name = Debug;
		};
		8EFCB0181A9DA34500D73449 /* Release */ = {
			isa = XCBuildConfiguration;
			buildSettings = {
				DEFINES_MODULE = YES;
				DYLIB_COMPATIBILITY_VERSION = 1;
				DYLIB_CURRENT_VERSION = 1;
				DYLIB_INSTALL_NAME_BASE = "@rpath";
				INFOPLIST_FILE = "onion-model/Info.plist";
				INSTALL_PATH = "$(LOCAL_LIBRARY_DIR)/Frameworks";
				LD_RUNPATH_SEARCH_PATHS = "$(inherited) @executable_path/Frameworks @loader_path/Frameworks";
				PRODUCT_NAME = "$(TARGET_NAME)";
				SKIP_INSTALL = YES;
			};
			name = Release;
		};
		8EFCB01A1A9DA34500D73449 /* Debug */ = {
			isa = XCBuildConfiguration;
			buildSettings = {
				FRAMEWORK_SEARCH_PATHS = (
					"$(SDKROOT)/Developer/Library/Frameworks",
					"$(inherited)",
				);
				GCC_PREPROCESSOR_DEFINITIONS = (
					"DEBUG=1",
					"$(inherited)",
				);
				INFOPLIST_FILE = "onion-modelTests/Info.plist";
				LD_RUNPATH_SEARCH_PATHS = "$(inherited) @executable_path/Frameworks @loader_path/Frameworks";
				PRODUCT_NAME = "$(TARGET_NAME)";
			};
			name = Debug;
		};
		8EFCB01B1A9DA34500D73449 /* Release */ = {
			isa = XCBuildConfiguration;
			buildSettings = {
				FRAMEWORK_SEARCH_PATHS = (
					"$(SDKROOT)/Developer/Library/Frameworks",
					"$(inherited)",
				);
				INFOPLIST_FILE = "onion-modelTests/Info.plist";
				LD_RUNPATH_SEARCH_PATHS = "$(inherited) @executable_path/Frameworks @loader_path/Frameworks";
				PRODUCT_NAME = "$(TARGET_NAME)";
			};
			name = Release;
		};
/* End XCBuildConfiguration section */

/* Begin XCConfigurationList section */
		8EFCAFFA1A9DA34500D73449 /* Build configuration list for PBXProject "onion-model" */ = {
			isa = XCConfigurationList;
			buildConfigurations = (
				8EFCB0141A9DA34500D73449 /* Debug */,
				8EFCB0151A9DA34500D73449 /* Release */,
			);
			defaultConfigurationIsVisible = 0;
			defaultConfigurationName = Release;
		};
		8EFCB0161A9DA34500D73449 /* Build configuration list for PBXNativeTarget "OnionModel" */ = {
			isa = XCConfigurationList;
			buildConfigurations = (
				8EFCB0171A9DA34500D73449 /* Debug */,
				8EFCB0181A9DA34500D73449 /* Release */,
			);
			defaultConfigurationIsVisible = 0;
		};
		8EFCB0191A9DA34500D73449 /* Build configuration list for PBXNativeTarget "onion-modelTests" */ = {
			isa = XCConfigurationList;
			buildConfigurations = (
				8EFCB01A1A9DA34500D73449 /* Debug */,
				8EFCB01B1A9DA34500D73449 /* Release */,
			);
			defaultConfigurationIsVisible = 0;
		};
/* End XCConfigurationList section */
	};
	rootObject = 8EFCAFF71A9DA34500D73449 /* Project object */;
}
